{
	"name": "@scaff/vue-cli-sheet",
	"version": "5.3.101",
	"lockfileVersion": 2,
	"requires": true,
	"packages": {
		"": {
			"name": "@scaff/vue-cli-sheet",
			"version": "5.3.20",
			"license": "MIT",
			"dependencies": {
				"animate.css": "^4.1.0",
				"normalize.css": "^8.0.1",
				"style.reset": "^1.0.2"
			}
		},
		"node_modules/animate.css": {
			"version": "4.1.1",
			"resolved": "https://registry.npmjs.org/animate.css/-/animate.css-4.1.1.tgz",
			"integrity": "sha512-+mRmCTv6SbCmtYJCN4faJMNFVNN5EuCTTprDTAo7YzIGji2KADmakjVA3+8mVDkZ2Bf09vayB35lSQIex2+QaQ=="
		},
		"node_modules/normalize.css": {
			"version": "8.0.1",
			"resolved": "https://registry.npmjs.org/normalize.css/-/normalize.css-8.0.1.tgz",
			"integrity": "sha512-qizSNPO93t1YUuUhP22btGOo3chcvDFqFaj2TRybP0DMxkHOCTYwp3n34fel4a31ORXy4m1Xq0Gyqpb5m33qIg=="
		},
		"node_modules/style.reset": {
			"version": "1.0.2",
			"resolved": "https://registry.npmjs.org/style.reset/-/style.reset-1.0.2.tgz",
			"integrity": "sha512-0s+BesNwjH0ixHpOz3L84dBJx0O+rR9nkiStJC9dqOPEZIx1lOWaFB/GNhD0WWKhN/1B4sgfH313IelrvXakZA=="
		}
	},
	"dependencies": {
		"animate.css": {
			"version": "4.1.1",
			"resolved": "https://registry.npmjs.org/animate.css/-/animate.css-4.1.1.tgz",
			"integrity": "sha512-+mRmCTv6SbCmtYJCN4faJMNFVNN5EuCTTprDTAo7YzIGji2KADmakjVA3+8mVDkZ2Bf09vayB35lSQIex2+QaQ=="
		},
		"normalize.css": {
			"version": "8.0.1",
			"resolved": "https://registry.npmjs.org/normalize.css/-/normalize.css-8.0.1.tgz",
			"integrity": "sha512-qizSNPO93t1YUuUhP22btGOo3chcvDFqFaj2TRybP0DMxkHOCTYwp3n34fel4a31ORXy4m1Xq0Gyqpb5m33qIg=="
		},
		"style.reset": {
			"version": "1.0.2",
			"resolved": "https://registry.npmjs.org/style.reset/-/style.reset-1.0.2.tgz",
			"integrity": "sha512-0s+BesNwjH0ixHpOz3L84dBJx0O+rR9nkiStJC9dqOPEZIx1lOWaFB/GNhD0WWKhN/1B4sgfH313IelrvXakZA=="
		}
	}
}
